
Microsoft Visual Studio Solution File, Format Version 11.00
# Visual C++ Express 2010
Project("{8BC9CEB8-8B4A-11D0-8D11-00A0C91BC942}") = "12-twelfth", "12-twelfth\12-twelfth.vcxproj", "{2C610C5F-A813-45A4-B7BE-216000D47323}"
EndProject
Global
	GlobalSection(SolutionConfigurationPlatforms) = preSolution
		Debug|Win32 = Debug|Win32
		Release|Win32 = Release|Win32
	EndGlobalSection
	GlobalSection(ProjectConfigurationPlatforms) = postSolution
		{2C610C5F-A813-45A4-B7BE-216000D47323}.Debug|Win32.ActiveCfg = Debug|Win32
		{2C610C5F-A813-45A4-B7BE-216000D47323}.Debug|Win32.Build.0 = Debug|Win32
		{2C610C5F-A813-45A4-B7BE-216000D47323}.Release|Win32.ActiveCfg = Release|Win32
		{2C610C5F-A813-45A4-B7BE-216000D47323}.Release|Win32.Build.0 = Release|Win32
	EndGlobalSection
	GlobalSection(SolutionProperties) = preSolution
		HideSolutionNode = FALSE
	EndGlobalSection
EndGlobal
